
Microsoft Visual Studio Solution File, Format Version 12.00
# Visual Studio Version 16
VisualStudioVersion = 16.0.31402.337
MinimumVisualStudioVersion = 10.0.40219.1
Project("{FAE04EC0-301F-11D3-BF4B-00C04F79EFBC}") = "NppManagedPluginDemo", "NppManagedPluginDemo\NppManagedPluginDemo.csproj", "{EB8FC3A3-93E8-457B-B281-FAFA5119611A}"
EndProject
Global
	GlobalSection(SolutionConfigurationPlatforms) = preSolution
		Debug|x64 = Debug|x64
		Debug|x86 = Debug|x86
		Release|x64 = Release|x64
		Release|x86 = Release|x86
	EndGlobalSection
	GlobalSection(ProjectConfigurationPlatforms) = postSolution
		{EB8FC3A3-93E8-457B-B281-FAFA5119611A}.Debug|x64.ActiveCfg = Debug|x64
		{EB8FC3A3-93E8-457B-B281-FAFA5119611A}.Debug|x64.Build.0 = Debug|x64
		{EB8FC3A3-93E8-457B-B281-FAFA5119611A}.Debug|x86.ActiveCfg = Debug|x86
		{EB8FC3A3-93E8-457B-B281-FAFA5119611A}.Debug|x86.Build.0 = Debug|x86
		{EB8FC3A3-93E8-457B-B281-FAFA5119611A}.Release|x64.ActiveCfg = Release|x64
		{EB8FC3A3-93E8-457B-B281-FAFA5119611A}.Release|x64.Build.0 = Release|x64
		{EB8FC3A3-93E8-457B-B281-FAFA5119611A}.Release|x86.ActiveCfg = Release|x86
		{EB8FC3A3-93E8-457B-B281-FAFA5119611A}.Release|x86.Build.0 = Release|x86
	EndGlobalSection
	GlobalSection(SolutionProperties) = preSolution
		HideSolutionNode = FALSE
	EndGlobalSection
	GlobalSection(ExtensibilityGlobals) = postSolution
		SolutionGuid = {4B1FAC52-7C23-4EDF-A9EB-DA9BBF2FA121}
	EndGlobalSection
EndGlobal
