
Microsoft Visual Studio Solution File, Format Version 11.00
# Visual Studio 2010
Project("{FAE04EC0-301F-11D3-BF4B-00C04F79EFBC}") = "NppManagedPluginDemo.VS2010", "NppManagedPluginDemo\NppManagedPluginDemo.VS2015.csproj", "{EB8FC3A3-93E8-457B-B281-FAFA5119611A}"
EndProject
Global
	GlobalSection(SolutionConfigurationPlatforms) = preSolution
		Debug|Any CPU = Debug|Any CPU
		Release|Any CPU = Release|Any CPU
	EndGlobalSection
	GlobalSection(ProjectConfigurationPlatforms) = postSolution
		{EB8FC3A3-93E8-457B-B281-FAFA5119611A}.Debug|Any CPU.ActiveCfg = Debug|Any CPU
		{EB8FC3A3-93E8-457B-B281-FAFA5119611A}.Debug|Any CPU.Build.0 = Debug|Any CPU
		{EB8FC3A3-93E8-457B-B281-FAFA5119611A}.Release|Any CPU.ActiveCfg = Release|Any CPU
		{EB8FC3A3-93E8-457B-B281-FAFA5119611A}.Release|Any CPU.Build.0 = Release|Any CPU
	EndGlobalSection
	GlobalSection(SolutionProperties) = preSolution
		HideSolutionNode = FALSE
	EndGlobalSection
EndGlobal
